// !$*UTF8*$!
{
	archiveVersion = 1;
	classes = {
	};
	objectVersion = 56;
	objects = {

/* Begin PBXBuildFile section */
		DCA6944F2C2EFBB20099C32A /* AppDelegate.swift in Sources */ = {isa = PBXBuildFile; fileRef = DCA6944E2C2EFBB20099C32A /* AppDelegate.swift */; };
		DCA694512C2EFBB20099C32A /* SceneDelegate.swift in Sources */ = {isa = PBXBuildFile; fileRef = DCA694502C2EFBB20099C32A /* SceneDelegate.swift */; };
		DCA694532C2EFBB20099C32A /* MainVC.swift in Sources */ = {isa = PBXBuildFile; fileRef = DCA694522C2EFBB20099C32A /* MainVC.swift */; };
		DCA694562C2EFBB20099C32A /* Base in Resources */ = {isa = PBXBuildFile; fileRef = DCA694552C2EFBB20099C32A /* Base */; };
		DCA694582C2EFBB60099C32A /* Assets.xcassets in Resources */ = {isa = PBXBuildFile; fileRef = DCA694572C2EFBB60099C32A /* Assets.xcassets */; };
		DCA6945B2C2EFBB60099C32A /* Base in Resources */ = {isa = PBXBuildFile; fileRef = DCA6945A2C2EFBB60099C32A /* Base */; };
		DCA694682C2F13FB0099C32A /* FirebaseAuth in Frameworks */ = {isa = PBXBuildFile; productRef = DCA694672C2F13FB0099C32A /* FirebaseAuth */; };
		DCA6946A2C2F13FB0099C32A /* FirebaseFirestore in Frameworks */ = {isa = PBXBuildFile; productRef = DCA694692C2F13FB0099C32A /* FirebaseFirestore */; };
/* End PBXBuildFile section */

/* Begin PBXFileReference section */
		DCA6944B2C2EFBB20099C32A /* FitTrack.app */ = {isa = PBXFileReference; explicitFileType = wrapper.application; includeInIndex = 0; path = FitTrack.app; sourceTree = BUILT_PRODUCTS_DIR; };
		DCA6944E2C2EFBB20099C32A /* AppDelegate.swift */ = {isa = PBXFileReference; lastKnownFileType = sourcecode.swift; path = AppDelegate.swift; sourceTree = "<group>"; };
		DCA694502C2EFBB20099C32A /* SceneDelegate.swift */ = {isa = PBXFileReference; lastKnownFileType = sourcecode.swift; path = SceneDelegate.swift; sourceTree = "<group>"; };
		DCA694522C2EFBB20099C32A /* MainVC.swift */ = {isa = PBXFileReference; lastKnownFileType = sourcecode.swift; path = MainVC.swift; sourceTree = "<group>"; };
		DCA694552C2EFBB20099C32A /* Base */ = {isa = PBXFileReference; lastKnownFileType = file.storyboard; name = Base; path = Base.lproj/Main.storyboard; sourceTree = "<group>"; };
		DCA694572C2EFBB60099C32A /* Assets.xcassets */ = {isa = PBXFileReference; lastKnownFileType = folder.assetcatalog; path = Assets.xcassets; sourceTree = "<group>"; };
		DCA6945A2C2EFBB60099C32A /* Base */ = {isa = PBXFileReference; lastKnownFileType = file.storyboard; name = Base; path = Base.lproj/LaunchScreen.storyboard; sourceTree = "<group>"; };
		DCA6945C2C2EFBB60099C32A /* Info.plist */ = {isa = PBXFileReference; lastKnownFileType = text.plist.xml; path = Info.plist; sourceTree = "<group>"; };
/* End PBXFileReference section */

/* Begin PBXFrameworksBuildPhase section */
		DCA694482C2EFBB20099C32A /* Frameworks */ = {
			isa = PBXFrameworksBuildPhase;
			buildActionMask = 2147483647;
			files = (
				DCA694682C2F13FB0099C32A /* FirebaseAuth in Frameworks */,
				DCA6946A2C2F13FB0099C32A /* FirebaseFirestore in Frameworks */,
			);
			runOnlyForDeploymentPostprocessing = 0;
		};
/* End PBXFrameworksBuildPhase section */

/* Begin PBXGroup section */
		DCA694422C2EFBB20099C32A = {
			isa = PBXGroup;
			children = (
				DCA6944D2C2EFBB20099C32A /* FitTrack */,
				DCA6944C2C2EFBB20099C32A /* Products */,
			);
			sourceTree = "<group>";
		};
		DCA6944C2C2EFBB20099C32A /* Products */ = {
			isa = PBXGroup;
			children = (
				DCA6944B2C2EFBB20099C32A /* FitTrack.app */,
			);
			name = Products;
			sourceTree = "<group>";
		};
		DCA6944D2C2EFBB20099C32A /* FitTrack */ = {
			isa = PBXGroup;
			children = (
				DCA694652C2EFEBA0099C32A /* Services */,
				DCA694642C2EFEB40099C32A /* View */,
				DCA694632C2EFEAE0099C32A /* Model */,
				DCA694622C2EFEA90099C32A /* Controller */,
				DCA6944E2C2EFBB20099C32A /* AppDelegate.swift */,
				DCA694502C2EFBB20099C32A /* SceneDelegate.swift */,
				DCA694542C2EFBB20099C32A /* Main.storyboard */,
				DCA694572C2EFBB60099C32A /* Assets.xcassets */,
				DCA694592C2EFBB60099C32A /* LaunchScreen.storyboard */,
				DCA6945C2C2EFBB60099C32A /* Info.plist */,
			);
			path = FitTrack;
			sourceTree = "<group>";
		};
		DCA694622C2EFEA90099C32A /* Controller */ = {
			isa = PBXGroup;
			children = (
				DCA694522C2EFBB20099C32A /* MainVC.swift */,
			);
			path = Controller;
			sourceTree = "<group>";
		};
		DCA694632C2EFEAE0099C32A /* Model */ = {
			isa = PBXGroup;
			children = (
			);
			path = Model;
			sourceTree = "<group>";
		};
		DCA694642C2EFEB40099C32A /* View */ = {
			isa = PBXGroup;
			children = (
			);
			path = View;
			sourceTree = "<group>";
		};
		DCA694652C2EFEBA0099C32A /* Services */ = {
			isa = PBXGroup;
			children = (
			);
			path = Services;
			sourceTree = "<group>";
		};
/* End PBXGroup section */

/* Begin PBXNativeTarget section */
		DCA6944A2C2EFBB20099C32A /* FitTrack */ = {
			isa = PBXNativeTarget;
			buildConfigurationList = DCA6945F2C2EFBB60099C32A /* Build configuration list for PBXNativeTarget "FitTrack" */;
			buildPhases = (
				DCA694472C2EFBB20099C32A /* Sources */,
				DCA694482C2EFBB20099C32A /* Frameworks */,
				DCA694492C2EFBB20099C32A /* Resources */,
			);
			buildRules = (
			);
			dependencies = (
			);
			name = FitTrack;
			packageProductDependencies = (
				DCA694672C2F13FB0099C32A /* FirebaseAuth */,
				DCA694692C2F13FB0099C32A /* FirebaseFirestore */,
			);
			productName = FitTrack;
			productReference = DCA6944B2C2EFBB20099C32A /* FitTrack.app */;
			productType = "com.apple.product-type.application";
		};
/* End PBXNativeTarget section */

/* Begin PBXProject section */
		DCA694432C2EFBB20099C32A /* Project object */ = {
			isa = PBXProject;
			attributes = {
				BuildIndependentTargetsInParallel = 1;
				LastSwiftUpdateCheck = 1540;
				LastUpgradeCheck = 1540;
				TargetAttributes = {
					DCA6944A2C2EFBB20099C32A = {
						CreatedOnToolsVersion = 15.4;
					};
				};
			};
			buildConfigurationList = DCA694462C2EFBB20099C32A /* Build configuration list for PBXProject "FitTrack" */;
			compatibilityVersion = "Xcode 14.0";
			developmentRegion = en;
			hasScannedForEncodings = 0;
			knownRegions = (
				en,
				Base,
			);
			mainGroup = DCA694422C2EFBB20099C32A;
			packageReferences = (
				DCA694662C2F13FB0099C32A /* XCRemoteSwiftPackageReference "firebase-ios-sdk" */,
			);
			productRefGroup = DCA6944C2C2EFBB20099C32A /* Products */;
			projectDirPath = "";
			projectRoot = "";
			targets = (
				DCA6944A2C2EFBB20099C32A /* FitTrack */,
			);
		};
/* End PBXProject section */

/* Begin PBXResourcesBuildPhase section */
		DCA694492C2EFBB20099C32A /* Resources */ = {
			isa = PBXResourcesBuildPhase;
			buildActionMask = 2147483647;
			files = (
				DCA694582C2EFBB60099C32A /* Assets.xcassets in Resources */,
				DCA6945B2C2EFBB60099C32A /* Base in Resources */,
				DCA694562C2EFBB20099C32A /* Base in Resources */,
			);
			runOnlyForDeploymentPostprocessing = 0;
		};
/* End PBXResourcesBuildPhase section */

/* Begin PBXSourcesBuildPhase section */
		DCA694472C2EFBB20099C32A /* Sources */ = {
			isa = PBXSourcesBuildPhase;
			buildActionMask = 2147483647;
			files = (
				DCA694532C2EFBB20099C32A /* MainVC.swift in Sources */,
				DCA6944F2C2EFBB20099C32A /* AppDelegate.swift in Sources */,
				DCA694512C2EFBB20099C32A /* SceneDelegate.swift in Sources */,
			);
			runOnlyForDeploymentPostprocessing = 0;
		};
/* End PBXSourcesBuildPhase section */

/* Begin PBXVariantGroup section */
		DCA694542C2EFBB20099C32A /* Main.storyboard */ = {
			isa = PBXVariantGroup;
			children = (
				DCA694552C2EFBB20099C32A /* Base */,
			);
			name = Main.storyboard;
			sourceTree = "<group>";
		};
		DCA694592C2EFBB60099C32A /* LaunchScreen.storyboard */ = {
			isa = PBXVariantGroup;
			children = (
				DCA6945A2C2EFBB60099C32A /* Base */,
			);
			name = LaunchScreen.storyboard;
			sourceTree = "<group>";
		};
/* End PBXVariantGroup section */

/* Begin XCBuildConfiguration section */
		DCA6945D2C2EFBB60099C32A /* Debug */ = {
			isa = XCBuildConfiguration;
			buildSettings = {
				ALWAYS_SEARCH_USER_PATHS = NO;
				ASSETCATALOG_COMPILER_GENERATE_SWIFT_ASSET_SYMBOL_EXTENSIONS = YES;
				CLANG_ANALYZER_NONNULL = YES;
				CLANG_ANALYZER_NUMBER_OBJECT_CONVERSION = YES_AGGRESSIVE;
				CLANG_CXX_LANGUAGE_STANDARD = "gnu++20";
				CLANG_ENABLE_MODULES = YES;
				CLANG_ENABLE_OBJC_ARC = YES;
				CLANG_ENABLE_OBJC_WEAK = YES;
				CLANG_WARN_BLOCK_CAPTURE_AUTORELEASING = YES;
				CLANG_WARN_BOOL_CONVERSION = YES;
				CLANG_WARN_COMMA = YES;
				CLANG_WARN_CONSTANT_CONVERSION = YES;
				CLANG_WARN_DEPRECATED_OBJC_IMPLEMENTATIONS = YES;
				CLANG_WARN_DIRECT_OBJC_ISA_USAGE = YES_ERROR;
				CLANG_WARN_DOCUMENTATION_COMMENTS = YES;
				CLANG_WARN_EMPTY_BODY = YES;
				CLANG_WARN_ENUM_CONVERSION = YES;
				CLANG_WARN_INFINITE_RECURSION = YES;
				CLANG_WARN_INT_CONVERSION = YES;
				CLANG_WARN_NON_LITERAL_NULL_CONVERSION = YES;
				CLANG_WARN_OBJC_IMPLICIT_RETAIN_SELF = YES;
				CLANG_WARN_OBJC_LITERAL_CONVERSION = YES;
				CLANG_WARN_OBJC_ROOT_CLASS = YES_ERROR;
				CLANG_WARN_QUOTED_INCLUDE_IN_FRAMEWORK_HEADER = YES;
				CLANG_WARN_RANGE_LOOP_ANALYSIS = YES;
				CLANG_WARN_STRICT_PROTOTYPES = YES;
				CLANG_WARN_SUSPICIOUS_MOVE = YES;
				CLANG_WARN_UNGUARDED_AVAILABILITY = YES_AGGRESSIVE;
				CLANG_WARN_UNREACHABLE_CODE = YES;
				CLANG_WARN__DUPLICATE_METHOD_MATCH = YES;
				COPY_PHASE_STRIP = NO;
				DEBUG_INFORMATION_FORMAT = dwarf;
				ENABLE_STRICT_OBJC_MSGSEND = YES;
				ENABLE_TESTABILITY = YES;
				ENABLE_USER_SCRIPT_SANDBOXING = YES;
				GCC_C_LANGUAGE_STANDARD = gnu17;
				GCC_DYNAMIC_NO_PIC = NO;
				GCC_NO_COMMON_BLOCKS = YES;
				GCC_OPTIMIZATION_LEVEL = 0;
				GCC_PREPROCESSOR_DEFINITIONS = (
					"DEBUG=1",
					"$(inherited)",
				);
				GCC_WARN_64_TO_32_BIT_CONVERSION = YES;
				GCC_WARN_ABOUT_RETURN_TYPE = YES_ERROR;
				GCC_WARN_UNDECLARED_SELECTOR = YES;
				GCC_WARN_UNINITIALIZED_AUTOS = YES_AGGRESSIVE;
				GCC_WARN_UNUSED_FUNCTION = YES;
				GCC_WARN_UNUSED_VARIABLE = YES;
				IPHONEOS_DEPLOYMENT_TARGET = 17.5;
				LOCALIZATION_PREFERS_STRING_CATALOGS = YES;
				MTL_ENABLE_DEBUG_INFO = INCLUDE_SOURCE;
				MTL_FAST_MATH = YES;
				ONLY_ACTIVE_ARCH = YES;
				SDKROOT = iphoneos;
				SWIFT_ACTIVE_COMPILATION_CONDITIONS = "DEBUG $(inherited)";
				SWIFT_OPTIMIZATION_LEVEL = "-Onone";
			};
			name = Debug;
		};
		DCA6945E2C2EFBB60099C32A /* Release */ = {
			isa = XCBuildConfiguration;
			buildSettings = {
				ALWAYS_SEARCH_USER_PATHS = NO;
				ASSETCATALOG_COMPILER_GENERATE_SWIFT_ASSET_SYMBOL_EXTENSIONS = YES;
				CLANG_ANALYZER_NONNULL = YES;
				CLANG_ANALYZER_NUMBER_OBJECT_CONVERSION = YES_AGGRESSIVE;
				CLANG_CXX_LANGUAGE_STANDARD = "gnu++20";
				CLANG_ENABLE_MODULES = YES;
				CLANG_ENABLE_OBJC_ARC = YES;
				CLANG_ENABLE_OBJC_WEAK = YES;
				CLANG_WARN_BLOCK_CAPTURE_AUTORELEASING = YES;
				CLANG_WARN_BOOL_CONVERSION = YES;
				CLANG_WARN_COMMA = YES;
				CLANG_WARN_CONSTANT_CONVERSION = YES;
				CLANG_WARN_DEPRECATED_OBJC_IMPLEMENTATIONS = YES;
				CLANG_WARN_DIRECT_OBJC_ISA_USAGE = YES_ERROR;
				CLANG_WARN_DOCUMENTATION_COMMENTS = YES;
				CLANG_WARN_EMPTY_BODY = YES;
				CLANG_WARN_ENUM_CONVERSION = YES;
				CLANG_WARN_INFINITE_RECURSION = YES;
				CLANG_WARN_INT_CONVERSION = YES;
				CLANG_WARN_NON_LITERAL_NULL_CONVERSION = YES;
				CLANG_WARN_OBJC_IMPLICIT_RETAIN_SELF = YES;
				CLANG_WARN_OBJC_LITERAL_CONVERSION = YES;
				CLANG_WARN_OBJC_ROOT_CLASS = YES_ERROR;
				CLANG_WARN_QUOTED_INCLUDE_IN_FRAMEWORK_HEADER = YES;
				CLANG_WARN_RANGE_LOOP_ANALYSIS = YES;
				CLANG_WARN_STRICT_PROTOTYPES = YES;
				CLANG_WARN_SUSPICIOUS_MOVE = YES;
				CLANG_WARN_UNGUARDED_AVAILABILITY = YES_AGGRESSIVE;
				CLANG_WARN_UNREACHABLE_CODE = YES;
				CLANG_WARN__DUPLICATE_METHOD_MATCH = YES;
				COPY_PHASE_STRIP = NO;
				DEBUG_INFORMATION_FORMAT = "dwarf-with-dsym";
				ENABLE_NS_ASSERTIONS = NO;
				ENABLE_STRICT_OBJC_MSGSEND = YES;
				ENABLE_USER_SCRIPT_SANDBOXING = YES;
				GCC_C_LANGUAGE_STANDARD = gnu17;
				GCC_NO_COMMON_BLOCKS = YES;
				GCC_WARN_64_TO_32_BIT_CONVERSION = YES;
				GCC_WARN_ABOUT_RETURN_TYPE = YES_ERROR;
				GCC_WARN_UNDECLARED_SELECTOR = YES;
				GCC_WARN_UNINITIALIZED_AUTOS = YES_AGGRESSIVE;
				GCC_WARN_UNUSED_FUNCTION = YES;
				GCC_WARN_UNUSED_VARIABLE = YES;
				IPHONEOS_DEPLOYMENT_TARGET = 17.5;
				LOCALIZATION_PREFERS_STRING_CATALOGS = YES;
				MTL_ENABLE_DEBUG_INFO = NO;
				MTL_FAST_MATH = YES;
				SDKROOT = iphoneos;
				SWIFT_COMPILATION_MODE = wholemodule;
				VALIDATE_PRODUCT = YES;
			};
			name = Release;
		};
		DCA694602C2EFBB60099C32A /* Debug */ = {
			isa = XCBuildConfiguration;
			buildSettings = {
				ASSETCATALOG_COMPILER_APPICON_NAME = AppIcon;
				ASSETCATALOG_COMPILER_GLOBAL_ACCENT_COLOR_NAME = AccentColor;
				CODE_SIGN_STYLE = Automatic;
				CURRENT_PROJECT_VERSION = 1;
				DEVELOPMENT_TEAM = 93GCYU77NH;
				GENERATE_INFOPLIST_FILE = YES;
				INFOPLIST_FILE = FitTrack/Info.plist;
				INFOPLIST_KEY_UIApplicationSupportsIndirectInputEvents = YES;
				INFOPLIST_KEY_UILaunchStoryboardName = LaunchScreen;
				INFOPLIST_KEY_UIMainStoryboardFile = Main;
				INFOPLIST_KEY_UISupportedInterfaceOrientations_iPad = "UIInterfaceOrientationPortrait UIInterfaceOrientationPortraitUpsideDown UIInterfaceOrientationLandscapeLeft UIInterfaceOrientationLandscapeRight";
				INFOPLIST_KEY_UISupportedInterfaceOrientations_iPhone = "UIInterfaceOrientationPortrait UIInterfaceOrientationLandscapeLeft UIInterfaceOrientationLandscapeRight";
				LD_RUNPATH_SEARCH_PATHS = (
					"$(inherited)",
					"@executable_path/Frameworks",
				);
				MARKETING_VERSION = 1.0;
				PRODUCT_BUNDLE_IDENTIFIER = com.galecki.FitTrack;
				PRODUCT_NAME = "$(TARGET_NAME)";
				SWIFT_EMIT_LOC_STRINGS = YES;
				SWIFT_VERSION = 5.0;
				TARGETED_DEVICE_FAMILY = "1,2";
			};
			name = Debug;
		};
		DCA694612C2EFBB60099C32A /* Release */ = {
			isa = XCBuildConfiguration;
			buildSettings = {
				ASSETCATALOG_COMPILER_APPICON_NAME = AppIcon;
				ASSETCATALOG_COMPILER_GLOBAL_ACCENT_COLOR_NAME = AccentColor;
				CODE_SIGN_STYLE = Automatic;
				CURRENT_PROJECT_VERSION = 1;
				DEVELOPMENT_TEAM = 93GCYU77NH;
				GENERATE_INFOPLIST_FILE = YES;
				INFOPLIST_FILE = FitTrack/Info.plist;
				INFOPLIST_KEY_UIApplicationSupportsIndirectInputEvents = YES;
				INFOPLIST_KEY_UILaunchStoryboardName = LaunchScreen;
				INFOPLIST_KEY_UIMainStoryboardFile = Main;
				INFOPLIST_KEY_UISupportedInterfaceOrientations_iPad = "UIInterfaceOrientationPortrait UIInterfaceOrientationPortraitUpsideDown UIInterfaceOrientationLandscapeLeft UIInterfaceOrientationLandscapeRight";
				INFOPLIST_KEY_UISupportedInterfaceOrientations_iPhone = "UIInterfaceOrientationPortrait UIInterfaceOrientationLandscapeLeft UIInterfaceOrientationLandscapeRight";
				LD_RUNPATH_SEARCH_PATHS = (
					"$(inherited)",
					"@executable_path/Frameworks",
				);
				MARKETING_VERSION = 1.0;
				PRODUCT_BUNDLE_IDENTIFIER = com.galecki.FitTrack;
				PRODUCT_NAME = "$(TARGET_NAME)";
				SWIFT_EMIT_LOC_STRINGS = YES;
				SWIFT_VERSION = 5.0;
				TARGETED_DEVICE_FAMILY = "1,2";
			};
			name = Release;
		};
/* End XCBuildConfiguration section */

/* Begin XCConfigurationList section */
		DCA694462C2EFBB20099C32A /* Build configuration list for PBXProject "FitTrack" */ = {
			isa = XCConfigurationList;
			buildConfigurations = (
				DCA6945D2C2EFBB60099C32A /* Debug */,
				DCA6945E2C2EFBB60099C32A /* Release */,
			);
			defaultConfigurationIsVisible = 0;
			defaultConfigurationName = Release;
		};
		DCA6945F2C2EFBB60099C32A /* Build configuration list for PBXNativeTarget "FitTrack" */ = {
			isa = XCConfigurationList;
			buildConfigurations = (
				DCA694602C2EFBB60099C32A /* Debug */,
				DCA694612C2EFBB60099C32A /* Release */,
			);
			defaultConfigurationIsVisible = 0;
			defaultConfigurationName = Release;
		};
/* End XCConfigurationList section */

/* Begin XCRemoteSwiftPackageReference section */
		DCA694662C2F13FB0099C32A /* XCRemoteSwiftPackageReference "firebase-ios-sdk" */ = {
			isa = XCRemoteSwiftPackageReference;
			repositoryURL = "https://github.com/firebase/firebase-ios-sdk";
			requirement = {
				kind = upToNextMajorVersion;
				minimumVersion = 10.28.1;
			};
		};
/* End XCRemoteSwiftPackageReference section */

/* Begin XCSwiftPackageProductDependency section */
		DCA694672C2F13FB0099C32A /* FirebaseAuth */ = {
			isa = XCSwiftPackageProductDependency;
			package = DCA694662C2F13FB0099C32A /* XCRemoteSwiftPackageReference "firebase-ios-sdk" */;
			productName = FirebaseAuth;
		};
		DCA694692C2F13FB0099C32A /* FirebaseFirestore */ = {
			isa = XCSwiftPackageProductDependency;
			package = DCA694662C2F13FB0099C32A /* XCRemoteSwiftPackageReference "firebase-ios-sdk" */;
			productName = FirebaseFirestore;
		};
/* End XCSwiftPackageProductDependency section */
	};
	rootObject = DCA694432C2EFBB20099C32A /* Project object */;
}
